
Microsoft Visual Studio Solution File, Format Version 11.00
# Visual Studio 2010
Project("{FAE04EC0-301F-11D3-BF4B-00C04F79EFBC}") = "VuforiaScripts", "VuforiaScripts.csproj", "{45C38A0D-3C37-225D-8573-27558C4C2F68}"
EndProject
Project("{FAE04EC0-301F-11D3-BF4B-00C04F79EFBC}") = "Assembly-CSharp", "Assembly-CSharp.csproj", "{5B654223-63BA-75E1-851E-332DFA70D3FB}"
EndProject
Project("{FAE04EC0-301F-11D3-BF4B-00C04F79EFBC}") = "VuforiaEditorScripts", "VuforiaEditorScripts.csproj", "{CAA05261-4C84-8CE2-BADD-1BFCBED6519E}"
EndProject
Global
	GlobalSection(SolutionConfigurationPlatforms) = preSolution
		Debug|Any CPU = Debug|Any CPU
		Release|Any CPU = Release|Any CPU
	EndGlobalSection
	GlobalSection(ProjectConfigurationPlatforms) = postSolution
		{45C38A0D-3C37-225D-8573-27558C4C2F68}.Debug|Any CPU.ActiveCfg = Debug|Any CPU
		{45C38A0D-3C37-225D-8573-27558C4C2F68}.Debug|Any CPU.Build.0 = Debug|Any CPU
		{45C38A0D-3C37-225D-8573-27558C4C2F68}.Release|Any CPU.ActiveCfg = Release|Any CPU
		{45C38A0D-3C37-225D-8573-27558C4C2F68}.Release|Any CPU.Build.0 = Release|Any CPU
		{5B654223-63BA-75E1-851E-332DFA70D3FB}.Debug|Any CPU.ActiveCfg = Debug|Any CPU
		{5B654223-63BA-75E1-851E-332DFA70D3FB}.Debug|Any CPU.Build.0 = Debug|Any CPU
		{5B654223-63BA-75E1-851E-332DFA70D3FB}.Release|Any CPU.ActiveCfg = Release|Any CPU
		{5B654223-63BA-75E1-851E-332DFA70D3FB}.Release|Any CPU.Build.0 = Release|Any CPU
		{CAA05261-4C84-8CE2-BADD-1BFCBED6519E}.Debug|Any CPU.ActiveCfg = Debug|Any CPU
		{CAA05261-4C84-8CE2-BADD-1BFCBED6519E}.Debug|Any CPU.Build.0 = Debug|Any CPU
		{CAA05261-4C84-8CE2-BADD-1BFCBED6519E}.Release|Any CPU.ActiveCfg = Release|Any CPU
		{CAA05261-4C84-8CE2-BADD-1BFCBED6519E}.Release|Any CPU.Build.0 = Release|Any CPU
	EndGlobalSection
	GlobalSection(SolutionProperties) = preSolution
		HideSolutionNode = FALSE
	EndGlobalSection
EndGlobal
